// !$*UTF8*$!
{
	archiveVersion = 1;
	classes = {
	};
	objectVersion = 77;
	objects = {

/* Begin PBXContainerItemProxy section */
		D05A3DA62CCF94BE00BC6E9B /* PBXContainerItemProxy */ = {
			isa = PBXContainerItemProxy;
			containerPortal = D05A3D8B2CCF94BC00BC6E9B /* Project object */;
			proxyType = 1;
			remoteGlobalIDString = D05A3D922CCF94BC00BC6E9B;
			remoteInfo = DailyReview;
		};
		D05A3DB02CCF94BE00BC6E9B /* PBXContainerItemProxy */ = {
			isa = PBXContainerItemProxy;
			containerPortal = D05A3D8B2CCF94BC00BC6E9B /* Project object */;
			proxyType = 1;
			remoteGlobalIDString = D05A3D922CCF94BC00BC6E9B;
			remoteInfo = DailyReview;
		};
/* End PBXContainerItemProxy section */

/* Begin PBXFileReference section */
		D05A3D932CCF94BC00BC6E9B /* DailyReview.app */ = {isa = PBXFileReference; explicitFileType = wrapper.application; includeInIndex = 0; path = DailyReview.app; sourceTree = BUILT_PRODUCTS_DIR; };
		D05A3DA52CCF94BE00BC6E9B /* DailyReviewTests.xctest */ = {isa = PBXFileReference; explicitFileType = wrapper.cfbundle; includeInIndex = 0; path = DailyReviewTests.xctest; sourceTree = BUILT_PRODUCTS_DIR; };
		D05A3DAF2CCF94BE00BC6E9B /* DailyReviewUITests.xctest */ = {isa = PBXFileReference; explicitFileType = wrapper.cfbundle; includeInIndex = 0; path = DailyReviewUITests.xctest; sourceTree = BUILT_PRODUCTS_DIR; };
		D0D2573C2CE3B05F00E664CC /* DailyReview.xcodeproj */ = {isa = PBXFileReference; lastKnownFileType = "wrapper.pb-project"; path = DailyReview.xcodeproj; sourceTree = SOURCE_ROOT; };
/* End PBXFileReference section */

/* Begin PBXFileSystemSynchronizedRootGroup section */
		D05A3D952CCF94BC00BC6E9B /* DailyReview */ = {
			isa = PBXFileSystemSynchronizedRootGroup;
			path = DailyReview;
			sourceTree = "<group>";
		};
		D05A3DA82CCF94BE00BC6E9B /* DailyReviewTests */ = {
			isa = PBXFileSystemSynchronizedRootGroup;
			path = DailyReviewTests;
			sourceTree = "<group>";
		};
		D05A3DB22CCF94BE00BC6E9B /* DailyReviewUITests */ = {
			isa = PBXFileSystemSynchronizedRootGroup;
			path = DailyReviewUITests;
			sourceTree = "<group>";
		};
/* End PBXFileSystemSynchronizedRootGroup section */

/* Begin PBXFrameworksBuildPhase section */
		D05A3D902CCF94BC00BC6E9B /* Frameworks */ = {
			isa = PBXFrameworksBuildPhase;
			buildActionMask = 2147483647;
			files = (
			);
			runOnlyForDeploymentPostprocessing = 0;
		};
		D05A3DA22CCF94BE00BC6E9B /* Frameworks */ = {
			isa = PBXFrameworksBuildPhase;
			buildActionMask = 2147483647;
			files = (
			);
			runOnlyForDeploymentPostprocessing = 0;
		};
		D05A3DAC2CCF94BE00BC6E9B /* Frameworks */ = {
			isa = PBXFrameworksBuildPhase;
			buildActionMask = 2147483647;
			files = (
			);
			runOnlyForDeploymentPostprocessing = 0;
		};
/* End PBXFrameworksBuildPhase section */

/* Begin PBXGroup section */
		D053BE092CE9D2FE0062A0F3 /* Products */ = {
			isa = PBXGroup;
			name = Products;
			sourceTree = "<group>";
		};
		D05A3D8A2CCF94BC00BC6E9B = {
			isa = PBXGroup;
			children = (
				D0D2573C2CE3B05F00E664CC /* DailyReview.xcodeproj */,
				D05A3D952CCF94BC00BC6E9B /* DailyReview */,
				D05A3DA82CCF94BE00BC6E9B /* DailyReviewTests */,
				D05A3DB22CCF94BE00BC6E9B /* DailyReviewUITests */,
				D05A3D942CCF94BC00BC6E9B /* Products */,
			);
			sourceTree = "<group>";
		};
		D05A3D942CCF94BC00BC6E9B /* Products */ = {
			isa = PBXGroup;
			children = (
				D05A3D932CCF94BC00BC6E9B /* DailyReview.app */,
				D05A3DA52CCF94BE00BC6E9B /* DailyReviewTests.xctest */,
				D05A3DAF2CCF94BE00BC6E9B /* DailyReviewUITests.xctest */,
			);
			name = Products;
			sourceTree = "<group>";
		};
/* End PBXGroup section */

/* Begin PBXNativeTarget section */
		D05A3D922CCF94BC00BC6E9B /* DailyReview */ = {
			isa = PBXNativeTarget;
			buildConfigurationList = D05A3DB92CCF94BE00BC6E9B /* Build configuration list for PBXNativeTarget "DailyReview" */;
			buildPhases = (
				D05A3D8F2CCF94BC00BC6E9B /* Sources */,
				D05A3D902CCF94BC00BC6E9B /* Frameworks */,
				D05A3D912CCF94BC00BC6E9B /* Resources */,
			);
			buildRules = (
			);
			dependencies = (
			);
			fileSystemSynchronizedGroups = (
				D05A3D952CCF94BC00BC6E9B /* DailyReview */,
			);
			name = DailyReview;
			packageProductDependencies = (
			);
			productName = DailyReview;
			productReference = D05A3D932CCF94BC00BC6E9B /* DailyReview.app */;
			productType = "com.apple.product-type.application";
		};
		D05A3DA42CCF94BE00BC6E9B /* DailyReviewTests */ = {
			isa = PBXNativeTarget;
			buildConfigurationList = D05A3DBC2CCF94BE00BC6E9B /* Build configuration list for PBXNativeTarget "DailyReviewTests" */;
			buildPhases = (
				D05A3DA12CCF94BE00BC6E9B /* Sources */,
				D05A3DA22CCF94BE00BC6E9B /* Frameworks */,
				D05A3DA32CCF94BE00BC6E9B /* Resources */,
			);
			buildRules = (
			);
			dependencies = (
				D05A3DA72CCF94BE00BC6E9B /* PBXTargetDependency */,
			);
			fileSystemSynchronizedGroups = (
				D05A3DA82CCF94BE00BC6E9B /* DailyReviewTests */,
			);
			name = DailyReviewTests;
			packageProductDependencies = (
			);
			productName = DailyReviewTests;
			productReference = D05A3DA52CCF94BE00BC6E9B /* DailyReviewTests.xctest */;
			productType = "com.apple.product-type.bundle.unit-test";
		};
		D05A3DAE2CCF94BE00BC6E9B /* DailyReviewUITests */ = {
			isa = PBXNativeTarget;
			buildConfigurationList = D05A3DBF2CCF94BE00BC6E9B /* Build configuration list for PBXNativeTarget "DailyReviewUITests" */;
			buildPhases = (
				D05A3DAB2CCF94BE00BC6E9B /* Sources */,
				D05A3DAC2CCF94BE00BC6E9B /* Frameworks */,
				D05A3DAD2CCF94BE00BC6E9B /* Resources */,
			);
			buildRules = (
			);
			dependencies = (
				D05A3DB12CCF94BE00BC6E9B /* PBXTargetDependency */,
			);
			fileSystemSynchronizedGroups = (
				D05A3DB22CCF94BE00BC6E9B /* DailyReviewUITests */,
			);
			name = DailyReviewUITests;
			packageProductDependencies = (
			);
			productName = DailyReviewUITests;
			productReference = D05A3DAF2CCF94BE00BC6E9B /* DailyReviewUITests.xctest */;
			productType = "com.apple.product-type.bundle.ui-testing";
		};
/* End PBXNativeTarget section */

/* Begin PBXProject section */
		D05A3D8B2CCF94BC00BC6E9B /* Project object */ = {
			isa = PBXProject;
			attributes = {
				BuildIndependentTargetsInParallel = 1;
				LastSwiftUpdateCheck = 1600;
				LastUpgradeCheck = 1600;
				TargetAttributes = {
					D05A3D922CCF94BC00BC6E9B = {
						CreatedOnToolsVersion = 16.0;
					};
					D05A3DA42CCF94BE00BC6E9B = {
						CreatedOnToolsVersion = 16.0;
						TestTargetID = D05A3D922CCF94BC00BC6E9B;
					};
					D05A3DAE2CCF94BE00BC6E9B = {
						CreatedOnToolsVersion = 16.0;
						TestTargetID = D05A3D922CCF94BC00BC6E9B;
					};
				};
			};
			buildConfigurationList = D05A3D8E2CCF94BC00BC6E9B /* Build configuration list for PBXProject "DailyReview" */;
			developmentRegion = en;
			hasScannedForEncodings = 0;
			knownRegions = (
				en,
				Base,
			);
			mainGroup = D05A3D8A2CCF94BC00BC6E9B;
			minimizedProjectReferenceProxies = 1;
			preferredProjectObjectVersion = 77;
			productRefGroup = D05A3D942CCF94BC00BC6E9B /* Products */;
			projectDirPath = "";
			projectReferences = (
				{
					ProductGroup = D053BE092CE9D2FE0062A0F3 /* Products */;
					ProjectRef = D0D2573C2CE3B05F00E664CC /* DailyReview.xcodeproj */;
				},
			);
			projectRoot = "";
			targets = (
				D05A3D922CCF94BC00BC6E9B /* DailyReview */,
				D05A3DA42CCF94BE00BC6E9B /* DailyReviewTests */,
				D05A3DAE2CCF94BE00BC6E9B /* DailyReviewUITests */,
			);
		};
/* End PBXProject section */

/* Begin PBXResourcesBuildPhase section */
		D05A3D912CCF94BC00BC6E9B /* Resources */ = {
			isa = PBXResourcesBuildPhase;
			buildActionMask = 2147483647;
			files = (
			);
			runOnlyForDeploymentPostprocessing = 0;
		};
		D05A3DA32CCF94BE00BC6E9B /* Resources */ = {
			isa = PBXResourcesBuildPhase;
			buildActionMask = 2147483647;
			files = (
			);
			runOnlyForDeploymentPostprocessing = 0;
		};
		D05A3DAD2CCF94BE00BC6E9B /* Resources */ = {
			isa = PBXResourcesBuildPhase;
			buildActionMask = 2147483647;
			files = (
			);
			runOnlyForDeploymentPostprocessing = 0;
		};
/* End PBXResourcesBuildPhase section */

/* Begin PBXSourcesBuildPhase section */
		D05A3D8F2CCF94BC00BC6E9B /* Sources */ = {
			isa = PBXSourcesBuildPhase;
			buildActionMask = 2147483647;
			files = (
			);
			runOnlyForDeploymentPostprocessing = 0;
		};
		D05A3DA12CCF94BE00BC6E9B /* Sources */ = {
			isa = PBXSourcesBuildPhase;
			buildActionMask = 2147483647;
			files = (
			);
			runOnlyForDeploymentPostprocessing = 0;
		};
		D05A3DAB2CCF94BE00BC6E9B /* Sources */ = {
			isa = PBXSourcesBuildPhase;
			buildActionMask = 2147483647;
			files = (
			);
			runOnlyForDeploymentPostprocessing = 0;
		};
/* End PBXSourcesBuildPhase section */

/* Begin PBXTargetDependency section */
		D05A3DA72CCF94BE00BC6E9B /* PBXTargetDependency */ = {
			isa = PBXTargetDependency;
			target = D05A3D922CCF94BC00BC6E9B /* DailyReview */;
			targetProxy = D05A3DA62CCF94BE00BC6E9B /* PBXContainerItemProxy */;
		};
		D05A3DB12CCF94BE00BC6E9B /* PBXTargetDependency */ = {
			isa = PBXTargetDependency;
			target = D05A3D922CCF94BC00BC6E9B /* DailyReview */;
			targetProxy = D05A3DB02CCF94BE00BC6E9B /* PBXContainerItemProxy */;
		};
/* End PBXTargetDependency section */

/* Begin XCBuildConfiguration section */
		D05A3DB72CCF94BE00BC6E9B /* Debug */ = {
			isa = XCBuildConfiguration;
			buildSettings = {
				ALWAYS_SEARCH_USER_PATHS = NO;
				ASSETCATALOG_COMPILER_GENERATE_SWIFT_ASSET_SYMBOL_EXTENSIONS = YES;
				CLANG_ANALYZER_NONNULL = YES;
				CLANG_ANALYZER_NUMBER_OBJECT_CONVERSION = YES_AGGRESSIVE;
				CLANG_CXX_LANGUAGE_STANDARD = "gnu++20";
				CLANG_ENABLE_MODULES = YES;
				CLANG_ENABLE_OBJC_ARC = YES;
				CLANG_ENABLE_OBJC_WEAK = YES;
				CLANG_WARN_BLOCK_CAPTURE_AUTORELEASING = YES;
				CLANG_WARN_BOOL_CONVERSION = YES;
				CLANG_WARN_COMMA = YES;
				CLANG_WARN_CONSTANT_CONVERSION = YES;
				CLANG_WARN_DEPRECATED_OBJC_IMPLEMENTATIONS = YES;
				CLANG_WARN_DIRECT_OBJC_ISA_USAGE = YES_ERROR;
				CLANG_WARN_DOCUMENTATION_COMMENTS = YES;
				CLANG_WARN_EMPTY_BODY = YES;
				CLANG_WARN_ENUM_CONVERSION = YES;
				CLANG_WARN_INFINITE_RECURSION = YES;
				CLANG_WARN_INT_CONVERSION = YES;
				CLANG_WARN_NON_LITERAL_NULL_CONVERSION = YES;
				CLANG_WARN_OBJC_IMPLICIT_RETAIN_SELF = YES;
				CLANG_WARN_OBJC_LITERAL_CONVERSION = YES;
				CLANG_WARN_OBJC_ROOT_CLASS = YES_ERROR;
				CLANG_WARN_QUOTED_INCLUDE_IN_FRAMEWORK_HEADER = YES;
				CLANG_WARN_RANGE_LOOP_ANALYSIS = YES;
				CLANG_WARN_STRICT_PROTOTYPES = YES;
				CLANG_WARN_SUSPICIOUS_MOVE = YES;
				CLANG_WARN_UNGUARDED_AVAILABILITY = YES_AGGRESSIVE;
				CLANG_WARN_UNREACHABLE_CODE = YES;
				CLANG_WARN__DUPLICATE_METHOD_MATCH = YES;
				COPY_PHASE_STRIP = NO;
				DEBUG_INFORMATION_FORMAT = dwarf;
				ENABLE_STRICT_OBJC_MSGSEND = YES;
				ENABLE_TESTABILITY = YES;
				ENABLE_USER_SCRIPT_SANDBOXING = YES;
				GCC_C_LANGUAGE_STANDARD = gnu17;
				GCC_DYNAMIC_NO_PIC = NO;
				GCC_NO_COMMON_BLOCKS = YES;
				GCC_OPTIMIZATION_LEVEL = 0;
				GCC_PREPROCESSOR_DEFINITIONS = (
					"DEBUG=1",
					"$(inherited)",
				);
				GCC_WARN_64_TO_32_BIT_CONVERSION = YES;
				GCC_WARN_ABOUT_RETURN_TYPE = YES_ERROR;
				GCC_WARN_UNDECLARED_SELECTOR = YES;
				GCC_WARN_UNINITIALIZED_AUTOS = YES_AGGRESSIVE;
				GCC_WARN_UNUSED_FUNCTION = YES;
				GCC_WARN_UNUSED_VARIABLE = YES;
				IPHONEOS_DEPLOYMENT_TARGET = 18.0;
				LOCALIZATION_PREFERS_STRING_CATALOGS = YES;
				MTL_ENABLE_DEBUG_INFO = INCLUDE_SOURCE;
				MTL_FAST_MATH = YES;
				ONLY_ACTIVE_ARCH = YES;
				SDKROOT = iphoneos;
				SWIFT_ACTIVE_COMPILATION_CONDITIONS = "DEBUG $(inherited)";
				SWIFT_OPTIMIZATION_LEVEL = "-Onone";
			};
			name = Debug;
		};
		D05A3DB82CCF94BE00BC6E9B /* Release */ = {
			isa = XCBuildConfiguration;
			buildSettings = {
				ALWAYS_SEARCH_USER_PATHS = NO;
				ASSETCATALOG_COMPILER_GENERATE_SWIFT_ASSET_SYMBOL_EXTENSIONS = YES;
				CLANG_ANALYZER_NONNULL = YES;
				CLANG_ANALYZER_NUMBER_OBJECT_CONVERSION = YES_AGGRESSIVE;
				CLANG_CXX_LANGUAGE_STANDARD = "gnu++20";
				CLANG_ENABLE_MODULES = YES;
				CLANG_ENABLE_OBJC_ARC = YES;
				CLANG_ENABLE_OBJC_WEAK = YES;
				CLANG_WARN_BLOCK_CAPTURE_AUTORELEASING = YES;
				CLANG_WARN_BOOL_CONVERSION = YES;
				CLANG_WARN_COMMA = YES;
				CLANG_WARN_CONSTANT_CONVERSION = YES;
				CLANG_WARN_DEPRECATED_OBJC_IMPLEMENTATIONS = YES;
				CLANG_WARN_DIRECT_OBJC_ISA_USAGE = YES_ERROR;
				CLANG_WARN_DOCUMENTATION_COMMENTS = YES;
				CLANG_WARN_EMPTY_BODY = YES;
				CLANG_WARN_ENUM_CONVERSION = YES;
				CLANG_WARN_INFINITE_RECURSION = YES;
				CLANG_WARN_INT_CONVERSION = YES;
				CLANG_WARN_NON_LITERAL_NULL_CONVERSION = YES;
				CLANG_WARN_OBJC_IMPLICIT_RETAIN_SELF = YES;
				CLANG_WARN_OBJC_LITERAL_CONVERSION = YES;
				CLANG_WARN_OBJC_ROOT_CLASS = YES_ERROR;
				CLANG_WARN_QUOTED_INCLUDE_IN_FRAMEWORK_HEADER = YES;
				CLANG_WARN_RANGE_LOOP_ANALYSIS = YES;
				CLANG_WARN_STRICT_PROTOTYPES = YES;
				CLANG_WARN_SUSPICIOUS_MOVE = YES;
				CLANG_WARN_UNGUARDED_AVAILABILITY = YES_AGGRESSIVE;
				CLANG_WARN_UNREACHABLE_CODE = YES;
				CLANG_WARN__DUPLICATE_METHOD_MATCH = YES;
				COPY_PHASE_STRIP = NO;
				DEBUG_INFORMATION_FORMAT = "dwarf-with-dsym";
				ENABLE_NS_ASSERTIONS = NO;
				ENABLE_STRICT_OBJC_MSGSEND = YES;
				ENABLE_USER_SCRIPT_SANDBOXING = YES;
				GCC_C_LANGUAGE_STANDARD = gnu17;
				GCC_NO_COMMON_BLOCKS = YES;
				GCC_WARN_64_TO_32_BIT_CONVERSION = YES;
				GCC_WARN_ABOUT_RETURN_TYPE = YES_ERROR;
				GCC_WARN_UNDECLARED_SELECTOR = YES;
				GCC_WARN_UNINITIALIZED_AUTOS = YES_AGGRESSIVE;
				GCC_WARN_UNUSED_FUNCTION = YES;
				GCC_WARN_UNUSED_VARIABLE = YES;
				IPHONEOS_DEPLOYMENT_TARGET = 18.0;
				LOCALIZATION_PREFERS_STRING_CATALOGS = YES;
				MTL_ENABLE_DEBUG_INFO = NO;
				MTL_FAST_MATH = YES;
				SDKROOT = iphoneos;
				SWIFT_COMPILATION_MODE = wholemodule;
				VALIDATE_PRODUCT = YES;
			};
			name = Release;
		};
		D05A3DBA2CCF94BE00BC6E9B /* Debug */ = {
			isa = XCBuildConfiguration;
			buildSettings = {
				ASSETCATALOG_COMPILER_APPICON_NAME = AppIcon;
				ASSETCATALOG_COMPILER_GLOBAL_ACCENT_COLOR_NAME = AccentColor;
				CODE_SIGN_STYLE = Automatic;
				CURRENT_PROJECT_VERSION = 1;
				DEVELOPMENT_ASSET_PATHS = "\"DailyReview/Preview Content\"";
				ENABLE_PREVIEWS = YES;
				GENERATE_INFOPLIST_FILE = YES;
				INFOPLIST_KEY_UIApplicationSceneManifest_Generation = YES;
				INFOPLIST_KEY_UIApplicationSupportsIndirectInputEvents = YES;
				INFOPLIST_KEY_UILaunchScreen_Generation = YES;
				INFOPLIST_KEY_UISupportedInterfaceOrientations_iPad = "UIInterfaceOrientationPortrait UIInterfaceOrientationPortraitUpsideDown UIInterfaceOrientationLandscapeLeft UIInterfaceOrientationLandscapeRight";
				INFOPLIST_KEY_UISupportedInterfaceOrientations_iPhone = "UIInterfaceOrientationPortrait UIInterfaceOrientationLandscapeLeft UIInterfaceOrientationLandscapeRight";
				LD_RUNPATH_SEARCH_PATHS = (
					"$(inherited)",
					"@executable_path/Frameworks",
				);
				MARKETING_VERSION = 1.0;
				PRODUCT_BUNDLE_IDENTIFIER = com.codershigh.hyu2024.DailyReview;
				PRODUCT_NAME = "$(TARGET_NAME)";
				SWIFT_EMIT_LOC_STRINGS = YES;
				SWIFT_VERSION = 5.0;
				TARGETED_DEVICE_FAMILY = "1,2";
			};
			name = Debug;
		};
		D05A3DBB2CCF94BE00BC6E9B /* Release */ = {
			isa = XCBuildConfiguration;
			buildSettings = {
				ASSETCATALOG_COMPILER_APPICON_NAME = AppIcon;
				ASSETCATALOG_COMPILER_GLOBAL_ACCENT_COLOR_NAME = AccentColor;
				CODE_SIGN_STYLE = Automatic;
				CURRENT_PROJECT_VERSION = 1;
				DEVELOPMENT_ASSET_PATHS = "\"DailyReview/Preview Content\"";
				ENABLE_PREVIEWS = YES;
				GENERATE_INFOPLIST_FILE = YES;
				INFOPLIST_KEY_UIApplicationSceneManifest_Generation = YES;
				INFOPLIST_KEY_UIApplicationSupportsIndirectInputEvents = YES;
				INFOPLIST_KEY_UILaunchScreen_Generation = YES;
				INFOPLIST_KEY_UISupportedInterfaceOrientations_iPad = "UIInterfaceOrientationPortrait UIInterfaceOrientationPortraitUpsideDown UIInterfaceOrientationLandscapeLeft UIInterfaceOrientationLandscapeRight";
				INFOPLIST_KEY_UISupportedInterfaceOrientations_iPhone = "UIInterfaceOrientationPortrait UIInterfaceOrientationLandscapeLeft UIInterfaceOrientationLandscapeRight";
				LD_RUNPATH_SEARCH_PATHS = (
					"$(inherited)",
					"@executable_path/Frameworks",
				);
				MARKETING_VERSION = 1.0;
				PRODUCT_BUNDLE_IDENTIFIER = com.codershigh.hyu2024.DailyReview;
				PRODUCT_NAME = "$(TARGET_NAME)";
				SWIFT_EMIT_LOC_STRINGS = YES;
				SWIFT_VERSION = 5.0;
				TARGETED_DEVICE_FAMILY = "1,2";
			};
			name = Release;
		};
		D05A3DBD2CCF94BE00BC6E9B /* Debug */ = {
			isa = XCBuildConfiguration;
			buildSettings = {
				BUNDLE_LOADER = "$(TEST_HOST)";
				CODE_SIGN_STYLE = Automatic;
				CURRENT_PROJECT_VERSION = 1;
				GENERATE_INFOPLIST_FILE = YES;
				IPHONEOS_DEPLOYMENT_TARGET = 18.0;
				MARKETING_VERSION = 1.0;
				PRODUCT_BUNDLE_IDENTIFIER = team12.DailyReviewTests;
				PRODUCT_NAME = "$(TARGET_NAME)";
				SWIFT_EMIT_LOC_STRINGS = NO;
				SWIFT_VERSION = 5.0;
				TARGETED_DEVICE_FAMILY = "1,2";
				TEST_HOST = "$(BUILT_PRODUCTS_DIR)/DailyReview.app/$(BUNDLE_EXECUTABLE_FOLDER_PATH)/DailyReview";
			};
			name = Debug;
		};
		D05A3DBE2CCF94BE00BC6E9B /* Release */ = {
			isa = XCBuildConfiguration;
			buildSettings = {
				BUNDLE_LOADER = "$(TEST_HOST)";
				CODE_SIGN_STYLE = Automatic;
				CURRENT_PROJECT_VERSION = 1;
				GENERATE_INFOPLIST_FILE = YES;
				IPHONEOS_DEPLOYMENT_TARGET = 18.0;
				MARKETING_VERSION = 1.0;
				PRODUCT_BUNDLE_IDENTIFIER = team12.DailyReviewTests;
				PRODUCT_NAME = "$(TARGET_NAME)";
				SWIFT_EMIT_LOC_STRINGS = NO;
				SWIFT_VERSION = 5.0;
				TARGETED_DEVICE_FAMILY = "1,2";
				TEST_HOST = "$(BUILT_PRODUCTS_DIR)/DailyReview.app/$(BUNDLE_EXECUTABLE_FOLDER_PATH)/DailyReview";
			};
			name = Release;
		};
		D05A3DC02CCF94BE00BC6E9B /* Debug */ = {
			isa = XCBuildConfiguration;
			buildSettings = {
				CODE_SIGN_STYLE = Automatic;
				CURRENT_PROJECT_VERSION = 1;
				GENERATE_INFOPLIST_FILE = YES;
				MARKETING_VERSION = 1.0;
				PRODUCT_BUNDLE_IDENTIFIER = team12.DailyReviewUITests;
				PRODUCT_NAME = "$(TARGET_NAME)";
				SWIFT_EMIT_LOC_STRINGS = NO;
				SWIFT_VERSION = 5.0;
				TARGETED_DEVICE_FAMILY = "1,2";
				TEST_TARGET_NAME = DailyReview;
			};
			name = Debug;
		};
		D05A3DC12CCF94BE00BC6E9B /* Release */ = {
			isa = XCBuildConfiguration;
			buildSettings = {
				CODE_SIGN_STYLE = Automatic;
				CURRENT_PROJECT_VERSION = 1;
				GENERATE_INFOPLIST_FILE = YES;
				MARKETING_VERSION = 1.0;
				PRODUCT_BUNDLE_IDENTIFIER = team12.DailyReviewUITests;
				PRODUCT_NAME = "$(TARGET_NAME)";
				SWIFT_EMIT_LOC_STRINGS = NO;
				SWIFT_VERSION = 5.0;
				TARGETED_DEVICE_FAMILY = "1,2";
				TEST_TARGET_NAME = DailyReview;
			};
			name = Release;
		};
/* End XCBuildConfiguration section */

/* Begin XCConfigurationList section */
		D05A3D8E2CCF94BC00BC6E9B /* Build configuration list for PBXProject "DailyReview" */ = {
			isa = XCConfigurationList;
			buildConfigurations = (
				D05A3DB72CCF94BE00BC6E9B /* Debug */,
				D05A3DB82CCF94BE00BC6E9B /* Release */,
			);
			defaultConfigurationIsVisible = 0;
			defaultConfigurationName = Release;
		};
		D05A3DB92CCF94BE00BC6E9B /* Build configuration list for PBXNativeTarget "DailyReview" */ = {
			isa = XCConfigurationList;
			buildConfigurations = (
				D05A3DBA2CCF94BE00BC6E9B /* Debug */,
				D05A3DBB2CCF94BE00BC6E9B /* Release */,
			);
			defaultConfigurationIsVisible = 0;
			defaultConfigurationName = Release;
		};
		D05A3DBC2CCF94BE00BC6E9B /* Build configuration list for PBXNativeTarget "DailyReviewTests" */ = {
			isa = XCConfigurationList;
			buildConfigurations = (
				D05A3DBD2CCF94BE00BC6E9B /* Debug */,
				D05A3DBE2CCF94BE00BC6E9B /* Release */,
			);
			defaultConfigurationIsVisible = 0;
			defaultConfigurationName = Release;
		};
		D05A3DBF2CCF94BE00BC6E9B /* Build configuration list for PBXNativeTarget "DailyReviewUITests" */ = {
			isa = XCConfigurationList;
			buildConfigurations = (
				D05A3DC02CCF94BE00BC6E9B /* Debug */,
				D05A3DC12CCF94BE00BC6E9B /* Release */,
			);
			defaultConfigurationIsVisible = 0;
			defaultConfigurationName = Release;
		};
/* End XCConfigurationList section */
	};
	rootObject = D05A3D8B2CCF94BC00BC6E9B /* Project object */;
}
